
Microsoft Visual Studio Solution File, Format Version 12.00
# Visual Studio Version 16
VisualStudioVersion = 16.0.32228.343
MinimumVisualStudioVersion = 10.0.40219.1
Project("{FAE04EC0-301F-11D3-BF4B-00C04F79EFBC}") = "MaquinaDeTuring", "MaquinaDeTuring.csproj", "{3A7830EE-0024-400E-9A41-CBD3A5901E52}"
EndProject
Global
	GlobalSection(SolutionConfigurationPlatforms) = preSolution
		Debug|Any CPU = Debug|Any CPU
		Release|Any CPU = Release|Any CPU
	EndGlobalSection
	GlobalSection(ProjectConfigurationPlatforms) = postSolution
		{3A7830EE-0024-400E-9A41-CBD3A5901E52}.Debug|Any CPU.ActiveCfg = Debug|Any CPU
		{3A7830EE-0024-400E-9A41-CBD3A5901E52}.Debug|Any CPU.Build.0 = Debug|Any CPU
		{3A7830EE-0024-400E-9A41-CBD3A5901E52}.Release|Any CPU.ActiveCfg = Release|Any CPU
		{3A7830EE-0024-400E-9A41-CBD3A5901E52}.Release|Any CPU.Build.0 = Release|Any CPU
	EndGlobalSection
	GlobalSection(SolutionProperties) = preSolution
		HideSolutionNode = FALSE
	EndGlobalSection
	GlobalSection(ExtensibilityGlobals) = postSolution
		SolutionGuid = {9E23F94D-FD43-4E63-AD4E-AA48F6F5EFE9}
	EndGlobalSection
EndGlobal
